
Microsoft Visual Studio Solution File, Format Version 12.00
# Visual Studio Version 17
VisualStudioVersion = 17.4.33213.308
MinimumVisualStudioVersion = 10.0.40219.1
Project("{9A19103F-16F7-4668-BE54-9A1E7A4F7556}") = "Zast.Playground", "Zast.Playground\Zast.Playground.csproj", "{86ECBF7B-A927-4D4D-B33C-ADBC3AA1F183}"
EndProject
Project("{9A19103F-16F7-4668-BE54-9A1E7A4F7556}") = "Mikibot.Crawler", "Mikibot.Crawler\Mikibot.Crawler.csproj", "{FF25BA73-5D48-45BA-BB8D-723B81C07745}"
EndProject
Project("{9A19103F-16F7-4668-BE54-9A1E7A4F7556}") = "Zast.Core", "Zast.Core\Zast.Core.csproj", "{273EBD4C-99D3-49F3-9BF6-F9C90387FBB0}"
EndProject
Project("{9A19103F-16F7-4668-BE54-9A1E7A4F7556}") = "EmberKernel", "EmberKernel\EmberKernel.csproj", "{A121342A-CEF7-4344-A36A-616D8F4F8078}"
EndProject
Project("{9A19103F-16F7-4668-BE54-9A1E7A4F7556}") = "Zast.DanmakuMaster", "Zast.DanmakuMaster\Zast.DanmakuMaster.csproj", "{6020272D-80B4-4C5E-BF4E-90A8895266CF}"
EndProject
Project("{9A19103F-16F7-4668-BE54-9A1E7A4F7556}") = "Zast.UI", "Zast.UI\Zast.UI.csproj", "{13A1714D-14CC-4564-9EBF-BF46A01FCD9A}"
EndProject
Project("{FAE04EC0-301F-11D3-BF4B-00C04F79EFBC}") = "Zast.Player.CUI", "Zast.Player.CUI\Zast.Player.CUI.csproj", "{3E2B618A-CCCB-4FCE-A711-A01CFB8AC229}"
EndProject
Project("{9A19103F-16F7-4668-BE54-9A1E7A4F7556}") = "SimpleHttpServer", "SimpleHttpServer\SimpleHttpServer.csproj", "{C1E3F09A-8795-4C1A-A2F2-998518629CB1}"
EndProject
Global
	GlobalSection(SolutionConfigurationPlatforms) = preSolution
		Debug|Any CPU = Debug|Any CPU
		Release|Any CPU = Release|Any CPU
	EndGlobalSection
	GlobalSection(ProjectConfigurationPlatforms) = postSolution
		{86ECBF7B-A927-4D4D-B33C-ADBC3AA1F183}.Debug|Any CPU.ActiveCfg = Debug|Any CPU
		{86ECBF7B-A927-4D4D-B33C-ADBC3AA1F183}.Debug|Any CPU.Build.0 = Debug|Any CPU
		{86ECBF7B-A927-4D4D-B33C-ADBC3AA1F183}.Release|Any CPU.ActiveCfg = Release|Any CPU
		{86ECBF7B-A927-4D4D-B33C-ADBC3AA1F183}.Release|Any CPU.Build.0 = Release|Any CPU
		{FF25BA73-5D48-45BA-BB8D-723B81C07745}.Debug|Any CPU.ActiveCfg = Debug|Any CPU
		{FF25BA73-5D48-45BA-BB8D-723B81C07745}.Debug|Any CPU.Build.0 = Debug|Any CPU
		{FF25BA73-5D48-45BA-BB8D-723B81C07745}.Release|Any CPU.ActiveCfg = Release|Any CPU
		{FF25BA73-5D48-45BA-BB8D-723B81C07745}.Release|Any CPU.Build.0 = Release|Any CPU
		{273EBD4C-99D3-49F3-9BF6-F9C90387FBB0}.Debug|Any CPU.ActiveCfg = Debug|Any CPU
		{273EBD4C-99D3-49F3-9BF6-F9C90387FBB0}.Debug|Any CPU.Build.0 = Debug|Any CPU
		{273EBD4C-99D3-49F3-9BF6-F9C90387FBB0}.Release|Any CPU.ActiveCfg = Release|Any CPU
		{273EBD4C-99D3-49F3-9BF6-F9C90387FBB0}.Release|Any CPU.Build.0 = Release|Any CPU
		{A121342A-CEF7-4344-A36A-616D8F4F8078}.Debug|Any CPU.ActiveCfg = Debug|Any CPU
		{A121342A-CEF7-4344-A36A-616D8F4F8078}.Debug|Any CPU.Build.0 = Debug|Any CPU
		{A121342A-CEF7-4344-A36A-616D8F4F8078}.Release|Any CPU.ActiveCfg = Release|Any CPU
		{A121342A-CEF7-4344-A36A-616D8F4F8078}.Release|Any CPU.Build.0 = Release|Any CPU
		{6020272D-80B4-4C5E-BF4E-90A8895266CF}.Debug|Any CPU.ActiveCfg = Debug|Any CPU
		{6020272D-80B4-4C5E-BF4E-90A8895266CF}.Debug|Any CPU.Build.0 = Debug|Any CPU
		{6020272D-80B4-4C5E-BF4E-90A8895266CF}.Release|Any CPU.ActiveCfg = Release|Any CPU
		{6020272D-80B4-4C5E-BF4E-90A8895266CF}.Release|Any CPU.Build.0 = Release|Any CPU
		{13A1714D-14CC-4564-9EBF-BF46A01FCD9A}.Debug|Any CPU.ActiveCfg = Debug|Any CPU
		{13A1714D-14CC-4564-9EBF-BF46A01FCD9A}.Debug|Any CPU.Build.0 = Debug|Any CPU
		{13A1714D-14CC-4564-9EBF-BF46A01FCD9A}.Release|Any CPU.ActiveCfg = Release|Any CPU
		{13A1714D-14CC-4564-9EBF-BF46A01FCD9A}.Release|Any CPU.Build.0 = Release|Any CPU
		{3E2B618A-CCCB-4FCE-A711-A01CFB8AC229}.Debug|Any CPU.ActiveCfg = Debug|Any CPU
		{3E2B618A-CCCB-4FCE-A711-A01CFB8AC229}.Debug|Any CPU.Build.0 = Debug|Any CPU
		{3E2B618A-CCCB-4FCE-A711-A01CFB8AC229}.Release|Any CPU.ActiveCfg = Release|Any CPU
		{3E2B618A-CCCB-4FCE-A711-A01CFB8AC229}.Release|Any CPU.Build.0 = Release|Any CPU
		{C1E3F09A-8795-4C1A-A2F2-998518629CB1}.Debug|Any CPU.ActiveCfg = Debug|Any CPU
		{C1E3F09A-8795-4C1A-A2F2-998518629CB1}.Debug|Any CPU.Build.0 = Debug|Any CPU
		{C1E3F09A-8795-4C1A-A2F2-998518629CB1}.Release|Any CPU.ActiveCfg = Release|Any CPU
		{C1E3F09A-8795-4C1A-A2F2-998518629CB1}.Release|Any CPU.Build.0 = Release|Any CPU
	EndGlobalSection
	GlobalSection(SolutionProperties) = preSolution
		HideSolutionNode = FALSE
	EndGlobalSection
	GlobalSection(ExtensibilityGlobals) = postSolution
		SolutionGuid = {0941CC03-9CFD-49E0-831D-503A7205F12A}
	EndGlobalSection
EndGlobal
